
Microsoft Visual Studio Solution File, Format Version 12.00
# Visual Studio Version 17
VisualStudioVersion = 17.9.34728.123
MinimumVisualStudioVersion = 10.0.40219.1
Project("{FAE04EC0-301F-11D3-BF4B-00C04F79EFBC}") = "ArtSpot", "ArtSpot.csproj", "{4E49B2EF-3F8C-42DD-9D34-CF8F1D2351EA}"
EndProject
Global
	GlobalSection(SolutionConfigurationPlatforms) = preSolution
		Debug|Any CPU = Debug|Any CPU
		Release|Any CPU = Release|Any CPU
	EndGlobalSection
	GlobalSection(ProjectConfigurationPlatforms) = postSolution
		{4E49B2EF-3F8C-42DD-9D34-CF8F1D2351EA}.Debug|Any CPU.ActiveCfg = Debug|Any CPU
		{4E49B2EF-3F8C-42DD-9D34-CF8F1D2351EA}.Debug|Any CPU.Build.0 = Debug|Any CPU
		{4E49B2EF-3F8C-42DD-9D34-CF8F1D2351EA}.Release|Any CPU.ActiveCfg = Release|Any CPU
		{4E49B2EF-3F8C-42DD-9D34-CF8F1D2351EA}.Release|Any CPU.Build.0 = Release|Any CPU
	EndGlobalSection
	GlobalSection(SolutionProperties) = preSolution
		HideSolutionNode = FALSE
	EndGlobalSection
	GlobalSection(ExtensibilityGlobals) = postSolution
		SolutionGuid = {5CFACF5F-A446-40B4-A570-0679893DE88A}
	EndGlobalSection
EndGlobal
